
Microsoft Visual Studio Solution File, Format Version 12.00
# Visual Studio Version 17
VisualStudioVersion = 17.5.33414.496
MinimumVisualStudioVersion = 10.0.40219.1
Project("{FAE04EC0-301F-11D3-BF4B-00C04F79EFBC}") = "ConsoleApp1", "ConsoleApp1\ConsoleApp1.csproj", "{EFDBE73D-D9CE-4290-B3F6-5A39BAFA9A33}"
EndProject
Global
	GlobalSection(SolutionConfigurationPlatforms) = preSolution
		Debug|Any CPU = Debug|Any CPU
		Release|Any CPU = Release|Any CPU
	EndGlobalSection
	GlobalSection(ProjectConfigurationPlatforms) = postSolution
		{EFDBE73D-D9CE-4290-B3F6-5A39BAFA9A33}.Debug|Any CPU.ActiveCfg = Debug|Any CPU
		{EFDBE73D-D9CE-4290-B3F6-5A39BAFA9A33}.Debug|Any CPU.Build.0 = Debug|Any CPU
		{EFDBE73D-D9CE-4290-B3F6-5A39BAFA9A33}.Release|Any CPU.ActiveCfg = Release|Any CPU
		{EFDBE73D-D9CE-4290-B3F6-5A39BAFA9A33}.Release|Any CPU.Build.0 = Release|Any CPU
	EndGlobalSection
	GlobalSection(SolutionProperties) = preSolution
		HideSolutionNode = FALSE
	EndGlobalSection
	GlobalSection(ExtensibilityGlobals) = postSolution
		SolutionGuid = {064A5EDE-2874-41B4-9AC2-80F7AF08DD0B}
	EndGlobalSection
EndGlobal
